// !$*UTF8*$!
{
	archiveVersion = 1;
	classes = {
	};
	objectVersion = 50;
	objects = {

/* Begin PBXBuildFile section */
		AE9D5D4825E822840049AD42 /* InputHandler.m in Sources */ = {isa = PBXBuildFile; fileRef = AE9D5D4725E822840049AD42 /* InputHandler.m */; };
		AE9D5D4E25E82DC30049AD42 /* ScoreKeeper.m in Sources */ = {isa = PBXBuildFile; fileRef = AE9D5D4D25E82DC30049AD42 /* ScoreKeeper.m */; };
		AECEFC3C25E782C300AFE5F1 /* main.m in Sources */ = {isa = PBXBuildFile; fileRef = AECEFC3B25E782C300AFE5F1 /* main.m */; };
		AECEFC4625E78E7600AFE5F1 /* Question.m in Sources */ = {isa = PBXBuildFile; fileRef = AECEFC4525E78E7600AFE5F1 /* Question.m */; };
		AEE2FB5D25EC210C00992C8D /* QuestionManager.m in Sources */ = {isa = PBXBuildFile; fileRef = AEE2FB5C25EC210C00992C8D /* QuestionManager.m */; };
		AEE2FB6E25EC2E7800992C8D /* SubtractionQuestion.m in Sources */ = {isa = PBXBuildFile; fileRef = AEE2FB6D25EC2E7800992C8D /* SubtractionQuestion.m */; };
		AEE2FB7425EC2FEE00992C8D /* AdditionQuestion.m in Sources */ = {isa = PBXBuildFile; fileRef = AEE2FB7325EC2FEE00992C8D /* AdditionQuestion.m */; };
		AEE2FB7925EC32F400992C8D /* QuestionFactory.m in Sources */ = {isa = PBXBuildFile; fileRef = AEE2FB7825EC32F400992C8D /* QuestionFactory.m */; };
		AEE2FB8025EC38A700992C8D /* MultiplicationQuestion.m in Sources */ = {isa = PBXBuildFile; fileRef = AEE2FB7F25EC38A700992C8D /* MultiplicationQuestion.m */; };
		AEE2FB8425EC38D900992C8D /* DivisionQuestion.m in Sources */ = {isa = PBXBuildFile; fileRef = AEE2FB8325EC38D900992C8D /* DivisionQuestion.m */; };
/* End PBXBuildFile section */

/* Begin PBXCopyFilesBuildPhase section */
		AECEFC3625E782C300AFE5F1 /* CopyFiles */ = {
			isa = PBXCopyFilesBuildPhase;
			buildActionMask = 2147483647;
			dstPath = /usr/share/man/man1/;
			dstSubfolderSpec = 0;
			files = (
			);
			runOnlyForDeploymentPostprocessing = 1;
		};
/* End PBXCopyFilesBuildPhase section */

/* Begin PBXFileReference section */
		AE9D5D4625E822840049AD42 /* InputHandler.h */ = {isa = PBXFileReference; lastKnownFileType = sourcecode.c.h; path = InputHandler.h; sourceTree = "<group>"; };
		AE9D5D4725E822840049AD42 /* InputHandler.m */ = {isa = PBXFileReference; lastKnownFileType = sourcecode.c.objc; path = InputHandler.m; sourceTree = "<group>"; };
		AE9D5D4C25E82DC30049AD42 /* ScoreKeeper.h */ = {isa = PBXFileReference; lastKnownFileType = sourcecode.c.h; path = ScoreKeeper.h; sourceTree = "<group>"; };
		AE9D5D4D25E82DC30049AD42 /* ScoreKeeper.m */ = {isa = PBXFileReference; lastKnownFileType = sourcecode.c.objc; path = ScoreKeeper.m; sourceTree = "<group>"; };
		AECEFC3825E782C300AFE5F1 /* Maths */ = {isa = PBXFileReference; explicitFileType = "compiled.mach-o.executable"; includeInIndex = 0; path = Maths; sourceTree = BUILT_PRODUCTS_DIR; };
		AECEFC3B25E782C300AFE5F1 /* main.m */ = {isa = PBXFileReference; lastKnownFileType = sourcecode.c.objc; path = main.m; sourceTree = "<group>"; };
		AECEFC4425E78E7600AFE5F1 /* Question.h */ = {isa = PBXFileReference; lastKnownFileType = sourcecode.c.h; path = Question.h; sourceTree = "<group>"; };
		AECEFC4525E78E7600AFE5F1 /* Question.m */ = {isa = PBXFileReference; lastKnownFileType = sourcecode.c.objc; path = Question.m; sourceTree = "<group>"; };
		AEE2FB5B25EC210C00992C8D /* QuestionManager.h */ = {isa = PBXFileReference; lastKnownFileType = sourcecode.c.h; path = QuestionManager.h; sourceTree = "<group>"; };
		AEE2FB5C25EC210C00992C8D /* QuestionManager.m */ = {isa = PBXFileReference; lastKnownFileType = sourcecode.c.objc; path = QuestionManager.m; sourceTree = "<group>"; };
		AEE2FB6C25EC2E7800992C8D /* SubtractionQuestion.h */ = {isa = PBXFileReference; lastKnownFileType = sourcecode.c.h; path = SubtractionQuestion.h; sourceTree = "<group>"; };
		AEE2FB6D25EC2E7800992C8D /* SubtractionQuestion.m */ = {isa = PBXFileReference; lastKnownFileType = sourcecode.c.objc; path = SubtractionQuestion.m; sourceTree = "<group>"; };
		AEE2FB7225EC2FEE00992C8D /* AdditionQuestion.h */ = {isa = PBXFileReference; lastKnownFileType = sourcecode.c.h; path = AdditionQuestion.h; sourceTree = "<group>"; };
		AEE2FB7325EC2FEE00992C8D /* AdditionQuestion.m */ = {isa = PBXFileReference; lastKnownFileType = sourcecode.c.objc; path = AdditionQuestion.m; sourceTree = "<group>"; };
		AEE2FB7725EC32F400992C8D /* QuestionFactory.h */ = {isa = PBXFileReference; lastKnownFileType = sourcecode.c.h; path = QuestionFactory.h; sourceTree = "<group>"; };
		AEE2FB7825EC32F400992C8D /* QuestionFactory.m */ = {isa = PBXFileReference; lastKnownFileType = sourcecode.c.objc; path = QuestionFactory.m; sourceTree = "<group>"; };
		AEE2FB7E25EC38A700992C8D /* MultiplicationQuestion.h */ = {isa = PBXFileReference; lastKnownFileType = sourcecode.c.h; path = MultiplicationQuestion.h; sourceTree = "<group>"; };
		AEE2FB7F25EC38A700992C8D /* MultiplicationQuestion.m */ = {isa = PBXFileReference; lastKnownFileType = sourcecode.c.objc; path = MultiplicationQuestion.m; sourceTree = "<group>"; };
		AEE2FB8225EC38D900992C8D /* DivisionQuestion.h */ = {isa = PBXFileReference; lastKnownFileType = sourcecode.c.h; path = DivisionQuestion.h; sourceTree = "<group>"; };
		AEE2FB8325EC38D900992C8D /* DivisionQuestion.m */ = {isa = PBXFileReference; lastKnownFileType = sourcecode.c.objc; path = DivisionQuestion.m; sourceTree = "<group>"; };
/* End PBXFileReference section */

/* Begin PBXFrameworksBuildPhase section */
		AECEFC3525E782C300AFE5F1 /* Frameworks */ = {
			isa = PBXFrameworksBuildPhase;
			buildActionMask = 2147483647;
			files = (
			);
			runOnlyForDeploymentPostprocessing = 0;
		};
/* End PBXFrameworksBuildPhase section */

/* Begin PBXGroup section */
		AE9D5D4A25E82D9D0049AD42 /* InputHandler */ = {
			isa = PBXGroup;
			children = (
				AE9D5D4625E822840049AD42 /* InputHandler.h */,
				AE9D5D4725E822840049AD42 /* InputHandler.m */,
			);
			path = InputHandler;
			sourceTree = "<group>";
		};
		AE9D5D5125E833C50049AD42 /* ScoreKeeper */ = {
			isa = PBXGroup;
			children = (
				AE9D5D4C25E82DC30049AD42 /* ScoreKeeper.h */,
				AE9D5D4D25E82DC30049AD42 /* ScoreKeeper.m */,
			);
			path = ScoreKeeper;
			sourceTree = "<group>";
		};
		AECEFC2F25E782C300AFE5F1 = {
			isa = PBXGroup;
			children = (
				AEE2FB7C25EC32FD00992C8D /* QuestionFactory */,
				AEE2FB5F25EC228800992C8D /* QuestionManager */,
				AE9D5D5125E833C50049AD42 /* ScoreKeeper */,
				AE9D5D4A25E82D9D0049AD42 /* InputHandler */,
				AEE2FB6225EC2C8000992C8D /* Question */,
				AECEFC3A25E782C300AFE5F1 /* Maths */,
				AECEFC3925E782C300AFE5F1 /* Products */,
			);
			sourceTree = "<group>";
		};
		AECEFC3925E782C300AFE5F1 /* Products */ = {
			isa = PBXGroup;
			children = (
				AECEFC3825E782C300AFE5F1 /* Maths */,
			);
			name = Products;
			sourceTree = "<group>";
		};
		AECEFC3A25E782C300AFE5F1 /* Maths */ = {
			isa = PBXGroup;
			children = (
				AECEFC3B25E782C300AFE5F1 /* main.m */,
			);
			path = Maths;
			sourceTree = "<group>";
		};
		AEE2FB5F25EC228800992C8D /* QuestionManager */ = {
			isa = PBXGroup;
			children = (
				AEE2FB5B25EC210C00992C8D /* QuestionManager.h */,
				AEE2FB5C25EC210C00992C8D /* QuestionManager.m */,
			);
			path = QuestionManager;
			sourceTree = "<group>";
		};
		AEE2FB6225EC2C8000992C8D /* Question */ = {
			isa = PBXGroup;
			children = (
				AECEFC4425E78E7600AFE5F1 /* Question.h */,
				AECEFC4525E78E7600AFE5F1 /* Question.m */,
				AEE2FB7125EC2FC900992C8D /* Sub-Question */,
			);
			path = Question;
			sourceTree = "<group>";
		};
		AEE2FB7125EC2FC900992C8D /* Sub-Question */ = {
			isa = PBXGroup;
			children = (
				AEE2FB6C25EC2E7800992C8D /* SubtractionQuestion.h */,
				AEE2FB6D25EC2E7800992C8D /* SubtractionQuestion.m */,
				AEE2FB7225EC2FEE00992C8D /* AdditionQuestion.h */,
				AEE2FB7325EC2FEE00992C8D /* AdditionQuestion.m */,
				AEE2FB7E25EC38A700992C8D /* MultiplicationQuestion.h */,
				AEE2FB7F25EC38A700992C8D /* MultiplicationQuestion.m */,
				AEE2FB8225EC38D900992C8D /* DivisionQuestion.h */,
				AEE2FB8325EC38D900992C8D /* DivisionQuestion.m */,
			);
			path = "Sub-Question";
			sourceTree = "<group>";
		};
		AEE2FB7C25EC32FD00992C8D /* QuestionFactory */ = {
			isa = PBXGroup;
			children = (
				AEE2FB7725EC32F400992C8D /* QuestionFactory.h */,
				AEE2FB7825EC32F400992C8D /* QuestionFactory.m */,
			);
			path = QuestionFactory;
			sourceTree = "<group>";
		};
/* End PBXGroup section */

/* Begin PBXNativeTarget section */
		AECEFC3725E782C300AFE5F1 /* Maths */ = {
			isa = PBXNativeTarget;
			buildConfigurationList = AECEFC3F25E782C300AFE5F1 /* Build configuration list for PBXNativeTarget "Maths" */;
			buildPhases = (
				AECEFC3425E782C300AFE5F1 /* Sources */,
				AECEFC3525E782C300AFE5F1 /* Frameworks */,
				AECEFC3625E782C300AFE5F1 /* CopyFiles */,
			);
			buildRules = (
			);
			dependencies = (
			);
			name = Maths;
			productName = Maths;
			productReference = AECEFC3825E782C300AFE5F1 /* Maths */;
			productType = "com.apple.product-type.tool";
		};
/* End PBXNativeTarget section */

/* Begin PBXProject section */
		AECEFC3025E782C300AFE5F1 /* Project object */ = {
			isa = PBXProject;
			attributes = {
				LastUpgradeCheck = 1240;
				TargetAttributes = {
					AECEFC3725E782C300AFE5F1 = {
						CreatedOnToolsVersion = 12.4;
					};
				};
			};
			buildConfigurationList = AECEFC3325E782C300AFE5F1 /* Build configuration list for PBXProject "Maths" */;
			compatibilityVersion = "Xcode 9.3";
			developmentRegion = en;
			hasScannedForEncodings = 0;
			knownRegions = (
				en,
				Base,
			);
			mainGroup = AECEFC2F25E782C300AFE5F1;
			productRefGroup = AECEFC3925E782C300AFE5F1 /* Products */;
			projectDirPath = "";
			projectRoot = "";
			targets = (
				AECEFC3725E782C300AFE5F1 /* Maths */,
			);
		};
/* End PBXProject section */

/* Begin PBXSourcesBuildPhase section */
		AECEFC3425E782C300AFE5F1 /* Sources */ = {
			isa = PBXSourcesBuildPhase;
			buildActionMask = 2147483647;
			files = (
				AEE2FB8425EC38D900992C8D /* DivisionQuestion.m in Sources */,
				AEE2FB5D25EC210C00992C8D /* QuestionManager.m in Sources */,
				AEE2FB6E25EC2E7800992C8D /* SubtractionQuestion.m in Sources */,
				AE9D5D4E25E82DC30049AD42 /* ScoreKeeper.m in Sources */,
				AECEFC4625E78E7600AFE5F1 /* Question.m in Sources */,
				AEE2FB7925EC32F400992C8D /* QuestionFactory.m in Sources */,
				AE9D5D4825E822840049AD42 /* InputHandler.m in Sources */,
				AEE2FB8025EC38A700992C8D /* MultiplicationQuestion.m in Sources */,
				AEE2FB7425EC2FEE00992C8D /* AdditionQuestion.m in Sources */,
				AECEFC3C25E782C300AFE5F1 /* main.m in Sources */,
			);
			runOnlyForDeploymentPostprocessing = 0;
		};
/* End PBXSourcesBuildPhase section */

/* Begin XCBuildConfiguration section */
		AECEFC3D25E782C300AFE5F1 /* Debug */ = {
			isa = XCBuildConfiguration;
			buildSettings = {
				ALWAYS_SEARCH_USER_PATHS = NO;
				CLANG_ANALYZER_NONNULL = YES;
				CLANG_ANALYZER_NUMBER_OBJECT_CONVERSION = YES_AGGRESSIVE;
				CLANG_CXX_LANGUAGE_STANDARD = "gnu++14";
				CLANG_CXX_LIBRARY = "libc++";
				CLANG_ENABLE_MODULES = YES;
				CLANG_ENABLE_OBJC_ARC = YES;
				CLANG_ENABLE_OBJC_WEAK = YES;
				CLANG_WARN_BLOCK_CAPTURE_AUTORELEASING = YES;
				CLANG_WARN_BOOL_CONVERSION = YES;
				CLANG_WARN_COMMA = YES;
				CLANG_WARN_CONSTANT_CONVERSION = YES;
				CLANG_WARN_DEPRECATED_OBJC_IMPLEMENTATIONS = YES;
				CLANG_WARN_DIRECT_OBJC_ISA_USAGE = YES_ERROR;
				CLANG_WARN_DOCUMENTATION_COMMENTS = YES;
				CLANG_WARN_EMPTY_BODY = YES;
				CLANG_WARN_ENUM_CONVERSION = YES;
				CLANG_WARN_INFINITE_RECURSION = YES;
				CLANG_WARN_INT_CONVERSION = YES;
				CLANG_WARN_NON_LITERAL_NULL_CONVERSION = YES;
				CLANG_WARN_OBJC_IMPLICIT_RETAIN_SELF = YES;
				CLANG_WARN_OBJC_LITERAL_CONVERSION = YES;
				CLANG_WARN_OBJC_ROOT_CLASS = YES_ERROR;
				CLANG_WARN_QUOTED_INCLUDE_IN_FRAMEWORK_HEADER = YES;
				CLANG_WARN_RANGE_LOOP_ANALYSIS = YES;
				CLANG_WARN_STRICT_PROTOTYPES = YES;
				CLANG_WARN_SUSPICIOUS_MOVE = YES;
				CLANG_WARN_UNGUARDED_AVAILABILITY = YES_AGGRESSIVE;
				CLANG_WARN_UNREACHABLE_CODE = YES;
				CLANG_WARN__DUPLICATE_METHOD_MATCH = YES;
				COPY_PHASE_STRIP = NO;
				DEBUG_INFORMATION_FORMAT = dwarf;
				ENABLE_STRICT_OBJC_MSGSEND = YES;
				ENABLE_TESTABILITY = YES;
				GCC_C_LANGUAGE_STANDARD = gnu11;
				GCC_DYNAMIC_NO_PIC = NO;
				GCC_NO_COMMON_BLOCKS = YES;
				GCC_OPTIMIZATION_LEVEL = 0;
				GCC_PREPROCESSOR_DEFINITIONS = (
					"DEBUG=1",
					"$(inherited)",
				);
				GCC_WARN_64_TO_32_BIT_CONVERSION = YES;
				GCC_WARN_ABOUT_RETURN_TYPE = YES_ERROR;
				GCC_WARN_UNDECLARED_SELECTOR = YES;
				GCC_WARN_UNINITIALIZED_AUTOS = YES_AGGRESSIVE;
				GCC_WARN_UNUSED_FUNCTION = YES;
				GCC_WARN_UNUSED_VARIABLE = YES;
				MACOSX_DEPLOYMENT_TARGET = 11.1;
				MTL_ENABLE_DEBUG_INFO = INCLUDE_SOURCE;
				MTL_FAST_MATH = YES;
				ONLY_ACTIVE_ARCH = YES;
				SDKROOT = macosx;
			};
			name = Debug;
		};
		AECEFC3E25E782C300AFE5F1 /* Release */ = {
			isa = XCBuildConfiguration;
			buildSettings = {
				ALWAYS_SEARCH_USER_PATHS = NO;
				CLANG_ANALYZER_NONNULL = YES;
				CLANG_ANALYZER_NUMBER_OBJECT_CONVERSION = YES_AGGRESSIVE;
				CLANG_CXX_LANGUAGE_STANDARD = "gnu++14";
				CLANG_CXX_LIBRARY = "libc++";
				CLANG_ENABLE_MODULES = YES;
				CLANG_ENABLE_OBJC_ARC = YES;
				CLANG_ENABLE_OBJC_WEAK = YES;
				CLANG_WARN_BLOCK_CAPTURE_AUTORELEASING = YES;
				CLANG_WARN_BOOL_CONVERSION = YES;
				CLANG_WARN_COMMA = YES;
				CLANG_WARN_CONSTANT_CONVERSION = YES;
				CLANG_WARN_DEPRECATED_OBJC_IMPLEMENTATIONS = YES;
				CLANG_WARN_DIRECT_OBJC_ISA_USAGE = YES_ERROR;
				CLANG_WARN_DOCUMENTATION_COMMENTS = YES;
				CLANG_WARN_EMPTY_BODY = YES;
				CLANG_WARN_ENUM_CONVERSION = YES;
				CLANG_WARN_INFINITE_RECURSION = YES;
				CLANG_WARN_INT_CONVERSION = YES;
				CLANG_WARN_NON_LITERAL_NULL_CONVERSION = YES;
				CLANG_WARN_OBJC_IMPLICIT_RETAIN_SELF = YES;
				CLANG_WARN_OBJC_LITERAL_CONVERSION = YES;
				CLANG_WARN_OBJC_ROOT_CLASS = YES_ERROR;
				CLANG_WARN_QUOTED_INCLUDE_IN_FRAMEWORK_HEADER = YES;
				CLANG_WARN_RANGE_LOOP_ANALYSIS = YES;
				CLANG_WARN_STRICT_PROTOTYPES = YES;
				CLANG_WARN_SUSPICIOUS_MOVE = YES;
				CLANG_WARN_UNGUARDED_AVAILABILITY = YES_AGGRESSIVE;
				CLANG_WARN_UNREACHABLE_CODE = YES;
				CLANG_WARN__DUPLICATE_METHOD_MATCH = YES;
				COPY_PHASE_STRIP = NO;
				DEBUG_INFORMATION_FORMAT = "dwarf-with-dsym";
				ENABLE_NS_ASSERTIONS = NO;
				ENABLE_STRICT_OBJC_MSGSEND = YES;
				GCC_C_LANGUAGE_STANDARD = gnu11;
				GCC_NO_COMMON_BLOCKS = YES;
				GCC_WARN_64_TO_32_BIT_CONVERSION = YES;
				GCC_WARN_ABOUT_RETURN_TYPE = YES_ERROR;
				GCC_WARN_UNDECLARED_SELECTOR = YES;
				GCC_WARN_UNINITIALIZED_AUTOS = YES_AGGRESSIVE;
				GCC_WARN_UNUSED_FUNCTION = YES;
				GCC_WARN_UNUSED_VARIABLE = YES;
				MACOSX_DEPLOYMENT_TARGET = 11.1;
				MTL_ENABLE_DEBUG_INFO = NO;
				MTL_FAST_MATH = YES;
				SDKROOT = macosx;
			};
			name = Release;
		};
		AECEFC4025E782C300AFE5F1 /* Debug */ = {
			isa = XCBuildConfiguration;
			buildSettings = {
				CODE_SIGN_STYLE = Automatic;
				PRODUCT_NAME = "$(TARGET_NAME)";
			};
			name = Debug;
		};
		AECEFC4125E782C300AFE5F1 /* Release */ = {
			isa = XCBuildConfiguration;
			buildSettings = {
				CODE_SIGN_STYLE = Automatic;
				PRODUCT_NAME = "$(TARGET_NAME)";
			};
			name = Release;
		};
/* End XCBuildConfiguration section */

/* Begin XCConfigurationList section */
		AECEFC3325E782C300AFE5F1 /* Build configuration list for PBXProject "Maths" */ = {
			isa = XCConfigurationList;
			buildConfigurations = (
				AECEFC3D25E782C300AFE5F1 /* Debug */,
				AECEFC3E25E782C300AFE5F1 /* Release */,
			);
			defaultConfigurationIsVisible = 0;
			defaultConfigurationName = Release;
		};
		AECEFC3F25E782C300AFE5F1 /* Build configuration list for PBXNativeTarget "Maths" */ = {
			isa = XCConfigurationList;
			buildConfigurations = (
				AECEFC4025E782C300AFE5F1 /* Debug */,
				AECEFC4125E782C300AFE5F1 /* Release */,
			);
			defaultConfigurationIsVisible = 0;
			defaultConfigurationName = Release;
		};
/* End XCConfigurationList section */
	};
	rootObject = AECEFC3025E782C300AFE5F1 /* Project object */;
}
